
Microsoft Visual Studio Solution File, Format Version 12.00
# Visual Studio Version 17
VisualStudioVersion = 17.5.002.0
MinimumVisualStudioVersion = 10.0.40219.1
Project("{9A19103F-16F7-4668-BE54-9A1E7A4F7556}") = "DeliveryApp", "DeliveryApp.csproj", "{EF1A7F30-3A34-481A-B896-3C74E8913346}"
EndProject
Global
	GlobalSection(SolutionConfigurationPlatforms) = preSolution
		Debug|Any CPU = Debug|Any CPU
		Release|Any CPU = Release|Any CPU
	EndGlobalSection
	GlobalSection(ProjectConfigurationPlatforms) = postSolution
		{EF1A7F30-3A34-481A-B896-3C74E8913346}.Debug|Any CPU.ActiveCfg = Debug|Any CPU
		{EF1A7F30-3A34-481A-B896-3C74E8913346}.Debug|Any CPU.Build.0 = Debug|Any CPU
		{EF1A7F30-3A34-481A-B896-3C74E8913346}.Release|Any CPU.ActiveCfg = Release|Any CPU
		{EF1A7F30-3A34-481A-B896-3C74E8913346}.Release|Any CPU.Build.0 = Release|Any CPU
	EndGlobalSection
	GlobalSection(SolutionProperties) = preSolution
		HideSolutionNode = FALSE
	EndGlobalSection
	GlobalSection(ExtensibilityGlobals) = postSolution
		SolutionGuid = {A511A769-F2D3-44BB-A7C7-8DE4951B19D8}
	EndGlobalSection
EndGlobal
